
Microsoft Visual Studio Solution File, Format Version 9.00
# Visual Studio 2005
Project("{FAE04EC0-301F-11D3-BF4B-00C04F79EFBC}") = "D9112_AI_Single_Buffer_Callback", "D9112_AI_Single_Buffer_Callback\D9112_AI_Single_Buffer_Callback.csproj", "{F270782E-3929-4F29-B83D-049EB4BA7258}"
EndProject
Global
	GlobalSection(SolutionConfigurationPlatforms) = preSolution
		Debug|Any CPU = Debug|Any CPU
		Release|Any CPU = Release|Any CPU
	EndGlobalSection
	GlobalSection(ProjectConfigurationPlatforms) = postSolution
		{F270782E-3929-4F29-B83D-049EB4BA7258}.Debug|Any CPU.ActiveCfg = Release|Any CPU
		{F270782E-3929-4F29-B83D-049EB4BA7258}.Debug|Any CPU.Build.0 = Release|Any CPU
		{F270782E-3929-4F29-B83D-049EB4BA7258}.Release|Any CPU.ActiveCfg = Release|Any CPU
		{F270782E-3929-4F29-B83D-049EB4BA7258}.Release|Any CPU.Build.0 = Release|Any CPU
	EndGlobalSection
	GlobalSection(SolutionProperties) = preSolution
		HideSolutionNode = FALSE
	EndGlobalSection
EndGlobal
